<Solution>
  <Folder Name="/src/">
    <Project Path="src/SqlInterpol/SqlInterpol.csproj" />
    <Project Path="src/SqlInterpol.Analyzers/SqlInterpol.Analyzers.csproj" />
    <Project Path="src/SqlInterpol.Dapper/SqlInterpol.Dapper.csproj" />
    <Project Path="src/SqlInterpol.EntityFrameworkCore/SqlInterpol.EntityFrameworkCore.csproj" />
    <Project Path="src/SqlInterpol.Generators/SqlInterpol.Generators.csproj" />
    <Project Path="src/SqlInterpol.Testing.Generators/SqlInterpol.Testing.Generators.csproj" />
    <Project Path="src/SqlInterpol.Testing.Specifications/SqlInterpol.Testing.Specifications.csproj" />
    <Project Path="src/SqlInterpol.Testing.Xunit/SqlInterpol.Testing.Xunit.csproj" />

    <Project Path="src/SqlInterpol.Test/SqlInterpol.Test.csproj" />
    <Project Path="src/SqlInterpol.Test.Aot/SqlInterpol.Test.Aot.csproj" />
  </Folder>

  <Folder Name="/tests/core/">
    <Project Path="tests/core/SqlInterpol.Tests.Aot/SqlInterpol.Tests.Aot.csproj" />
    <Project Path="tests/core/SqlInterpol.Tests.Jit/SqlInterpol.Tests.Jit.csproj" />
    <Project Path="tests/core/SqlInterpol.Tests.Shared/SqlInterpol.Tests.Shared.csproj" />
  </Folder>

  <Folder Name="/tests/extensibility/">
    <Project Path="tests/extensibility/SqlInterpol.Extensibility/SqlInterpol.Extensibility.csproj" />
    <Project Path="tests/extensibility/SqlInterpol.Extensibility.Tests.Aot/SqlInterpol.Extensibility.Tests.Aot.csproj" />
    <Project Path="tests/extensibility/SqlInterpol.Extensibility.Tests.Jit/SqlInterpol.Extensibility.Tests.Jit.csproj" />
    <Project Path="tests/extensibility/SqlInterpol.Extensibility.Tests.Shared/SqlInterpol.Extensibility.Tests.Shared.csproj" />
  </Folder>

  <Folder Name="/tests/integrations/">
    <Project Path="tests/integrations/SqlInterpol.Dapper.Tests/SqlInterpol.Dapper.Tests.csproj" />
    <Project Path="tests/integrations/SqlInterpol.EntityFrameworkCore.Tests/SqlInterpol.EntityFrameworkCore.Tests.csproj" />
  </Folder>

  <Folder Name="/benchmarks/">
    <Project Path="benchmarks/SqlInterpol.Benchmarks/SqlInterpol.Benchmarks.csproj" />
  </Folder>
</Solution>
